
Microsoft Visual Studio Solution File, Format Version 12.00
# Visual Studio 15
VisualStudioVersion = 15.0.27703.2047
MinimumVisualStudioVersion = 10.0.40219.1
Project("{2150E333-8FDC-42A3-9474-1A3956D46DE8}") = "src", "src", "{EB782C25-1BC9-4917-9D75-5B91EB523C9E}"
EndProject
Project("{2150E333-8FDC-42A3-9474-1A3956D46DE8}") = "test", "test", "{34D5A382-B041-48CB-8AA0-8E6E063CFB08}"
EndProject
Project("{2150E333-8FDC-42A3-9474-1A3956D46DE8}") = "sample", "sample", "{0D241EBB-5A85-4FB3-AD31-A9B4A1A6357C}"
EndProject
Project("{FAE04EC0-301F-11D3-BF4B-00C04F79EFBC}") = "Servicecomb.Saga.Omega.Abstractions", "src\Servicecomb.Saga.Omega.Abstractions\Servicecomb.Saga.Omega.Abstractions.csproj", "{8FCC5C31-AF1E-4E33-A20E-1C4AFFD24A87}"
EndProject
Project("{FAE04EC0-301F-11D3-BF4B-00C04F79EFBC}") = "Servicecomb.Saga.Omega.Core", "src\Servicecomb.Saga.Omega.Core\Servicecomb.Saga.Omega.Core.csproj", "{272729CD-3D7C-468C-A67D-4D6292BD70DF}"
EndProject
Project("{FAE04EC0-301F-11D3-BF4B-00C04F79EFBC}") = "Servicecomb.Saga.Omega.Core.Tests", "test\Servicecomb.Saga.Omega.Core.Tests\Servicecomb.Saga.Omega.Core.Tests.csproj", "{1B309D9F-328F-4AED-B001-5985AF04DC4B}"
EndProject
Global
	GlobalSection(SolutionConfigurationPlatforms) = preSolution
		Debug|Any CPU = Debug|Any CPU
		Release|Any CPU = Release|Any CPU
	EndGlobalSection
	GlobalSection(ProjectConfigurationPlatforms) = postSolution
		{8FCC5C31-AF1E-4E33-A20E-1C4AFFD24A87}.Debug|Any CPU.ActiveCfg = Debug|Any CPU
		{8FCC5C31-AF1E-4E33-A20E-1C4AFFD24A87}.Debug|Any CPU.Build.0 = Debug|Any CPU
		{8FCC5C31-AF1E-4E33-A20E-1C4AFFD24A87}.Release|Any CPU.ActiveCfg = Release|Any CPU
		{8FCC5C31-AF1E-4E33-A20E-1C4AFFD24A87}.Release|Any CPU.Build.0 = Release|Any CPU
		{272729CD-3D7C-468C-A67D-4D6292BD70DF}.Debug|Any CPU.ActiveCfg = Debug|Any CPU
		{272729CD-3D7C-468C-A67D-4D6292BD70DF}.Debug|Any CPU.Build.0 = Debug|Any CPU
		{272729CD-3D7C-468C-A67D-4D6292BD70DF}.Release|Any CPU.ActiveCfg = Release|Any CPU
		{272729CD-3D7C-468C-A67D-4D6292BD70DF}.Release|Any CPU.Build.0 = Release|Any CPU
		{1B309D9F-328F-4AED-B001-5985AF04DC4B}.Debug|Any CPU.ActiveCfg = Debug|Any CPU
		{1B309D9F-328F-4AED-B001-5985AF04DC4B}.Debug|Any CPU.Build.0 = Debug|Any CPU
		{1B309D9F-328F-4AED-B001-5985AF04DC4B}.Release|Any CPU.ActiveCfg = Release|Any CPU
		{1B309D9F-328F-4AED-B001-5985AF04DC4B}.Release|Any CPU.Build.0 = Release|Any CPU
	EndGlobalSection
	GlobalSection(SolutionProperties) = preSolution
		HideSolutionNode = FALSE
	EndGlobalSection
	GlobalSection(NestedProjects) = preSolution
		{8FCC5C31-AF1E-4E33-A20E-1C4AFFD24A87} = {EB782C25-1BC9-4917-9D75-5B91EB523C9E}
		{272729CD-3D7C-468C-A67D-4D6292BD70DF} = {EB782C25-1BC9-4917-9D75-5B91EB523C9E}
		{1B309D9F-328F-4AED-B001-5985AF04DC4B} = {34D5A382-B041-48CB-8AA0-8E6E063CFB08}
	EndGlobalSection
	GlobalSection(ExtensibilityGlobals) = postSolution
		SolutionGuid = {6EA49F9B-BB02-4934-85BE-1BA37B75F86C}
	EndGlobalSection
EndGlobal
